Microsoft Visual Studio Solution File, Format Version 12.00
# Visual Studio Version 17
VisualStudioVersion = 17.5.2.0
MinimumVisualStudioVersion = 10.0.40219.1
Project("{FAE04EC0-301F-11D3-BF4B-00C04F79EFBC}") = "FireDetection", "FireDetection.csproj", "{F99FEF8F-051F-2B79-67FC-501D683AC1ED}"
EndProject
Global
	GlobalSection(SolutionConfigurationPlatforms) = preSolution
		Debug|Any CPU = Debug|Any CPU
		Release|Any CPU = Release|Any CPU
	EndGlobalSection
	GlobalSection(ProjectConfigurationPlatforms) = postSolution
		{F99FEF8F-051F-2B79-67FC-501D683AC1ED}.Debug|Any CPU.ActiveCfg = Debug|Any CPU
		{F99FEF8F-051F-2B79-67FC-501D683AC1ED}.Debug|Any CPU.Build.0 = Debug|Any CPU
		{F99FEF8F-051F-2B79-67FC-501D683AC1ED}.Release|Any CPU.ActiveCfg = Release|Any CPU
		{F99FEF8F-051F-2B79-67FC-501D683AC1ED}.Release|Any CPU.Build.0 = Release|Any CPU
	EndGlobalSection
	GlobalSection(SolutionProperties) = preSolution
		HideSolutionNode = FALSE
	EndGlobalSection
	GlobalSection(ExtensibilityGlobals) = postSolution
		SolutionGuid = {EC6D6DEC-878B-4036-8844-6E83CB433427}
	EndGlobalSection
EndGlobal
